
Microsoft Visual Studio Solution File, Format Version 12.00
# Visual Studio 2013
VisualStudioVersion = 12.0.30324.0
MinimumVisualStudioVersion = 10.0.40219.1
Project("{2150E333-8FDC-42A3-9474-1A3956D46DE8}") = "Solution Items", "Solution Items", "{8A9AE8E1-2372-44C0-9D99-9D84B48A87C1}"
	ProjectSection(SolutionItems) = preProject
		..\.gitignore = ..\.gitignore
		..\LICENSE = ..\LICENSE
		Local.testsettings = Local.testsettings
		..\README.md = ..\README.md
		TraceAndTestImpact.testsettings = TraceAndTestImpact.testsettings
	EndProjectSection
EndProject
Project("{FAE04EC0-301F-11D3-BF4B-00C04F79EFBC}") = "Hie.Core", "Hie.Core\Hie.Core.csproj", "{A6A3E619-30BF-4A54-84DB-93FEC1E74AE3}"
EndProject
Project("{FAE04EC0-301F-11D3-BF4B-00C04F79EFBC}") = "Hie.Core.Test", "Hie.Core.Test\Hie.Core.Test.csproj", "{EEE336E9-09DE-42DB-A900-19B27750114A}"
EndProject
Project("{2150E333-8FDC-42A3-9474-1A3956D46DE8}") = ".nuget", ".nuget", "{A620C92E-99D8-4CF0-A6E3-3978D113288F}"
	ProjectSection(SolutionItems) = preProject
		.nuget\NuGet.Config = .nuget\NuGet.Config
		.nuget\NuGet.exe = .nuget\NuGet.exe
		.nuget\NuGet.targets = .nuget\NuGet.targets
	EndProjectSection
EndProject
Global
	GlobalSection(SolutionConfigurationPlatforms) = preSolution
		Debug|Any CPU = Debug|Any CPU
		Debug|Mixed Platforms = Debug|Mixed Platforms
		Debug|x86 = Debug|x86
		Release|Any CPU = Release|Any CPU
		Release|Mixed Platforms = Release|Mixed Platforms
		Release|x86 = Release|x86
	EndGlobalSection
	GlobalSection(ProjectConfigurationPlatforms) = postSolution
		{A6A3E619-30BF-4A54-84DB-93FEC1E74AE3}.Debug|Any CPU.ActiveCfg = Debug|x86
		{A6A3E619-30BF-4A54-84DB-93FEC1E74AE3}.Debug|Mixed Platforms.ActiveCfg = Debug|x86
		{A6A3E619-30BF-4A54-84DB-93FEC1E74AE3}.Debug|Mixed Platforms.Build.0 = Debug|x86
		{A6A3E619-30BF-4A54-84DB-93FEC1E74AE3}.Debug|x86.ActiveCfg = Debug|x86
		{A6A3E619-30BF-4A54-84DB-93FEC1E74AE3}.Debug|x86.Build.0 = Debug|x86
		{A6A3E619-30BF-4A54-84DB-93FEC1E74AE3}.Release|Any CPU.ActiveCfg = Release|x86
		{A6A3E619-30BF-4A54-84DB-93FEC1E74AE3}.Release|Mixed Platforms.ActiveCfg = Release|x86
		{A6A3E619-30BF-4A54-84DB-93FEC1E74AE3}.Release|Mixed Platforms.Build.0 = Release|x86
		{A6A3E619-30BF-4A54-84DB-93FEC1E74AE3}.Release|x86.ActiveCfg = Release|x86
		{A6A3E619-30BF-4A54-84DB-93FEC1E74AE3}.Release|x86.Build.0 = Release|x86
		{EEE336E9-09DE-42DB-A900-19B27750114A}.Debug|Any CPU.ActiveCfg = Debug|Any CPU
		{EEE336E9-09DE-42DB-A900-19B27750114A}.Debug|Any CPU.Build.0 = Debug|Any CPU
		{EEE336E9-09DE-42DB-A900-19B27750114A}.Debug|Mixed Platforms.ActiveCfg = Debug|Any CPU
		{EEE336E9-09DE-42DB-A900-19B27750114A}.Debug|Mixed Platforms.Build.0 = Debug|Any CPU
		{EEE336E9-09DE-42DB-A900-19B27750114A}.Debug|x86.ActiveCfg = Debug|Any CPU
		{EEE336E9-09DE-42DB-A900-19B27750114A}.Release|Any CPU.ActiveCfg = Release|Any CPU
		{EEE336E9-09DE-42DB-A900-19B27750114A}.Release|Any CPU.Build.0 = Release|Any CPU
		{EEE336E9-09DE-42DB-A900-19B27750114A}.Release|Mixed Platforms.ActiveCfg = Release|Any CPU
		{EEE336E9-09DE-42DB-A900-19B27750114A}.Release|Mixed Platforms.Build.0 = Release|Any CPU
		{EEE336E9-09DE-42DB-A900-19B27750114A}.Release|x86.ActiveCfg = Release|Any CPU
	EndGlobalSection
	GlobalSection(SolutionProperties) = preSolution
		HideSolutionNode = FALSE
	EndGlobalSection
	GlobalSection(TestCaseManagementSettings) = postSolution
		CategoryFile = GiveBack.vsmdi
	EndGlobalSection
EndGlobal
